// !$*UTF8*$!
{
	archiveVersion = 1;
	classes = {
	};
	objectVersion = 56;
	objects = {

/* Begin PBXBuildFile section */
		2064BFB129282E420000AFF6 /* AppDelegate.swift in Sources */ = {isa = PBXBuildFile; fileRef = 2064BFB029282E420000AFF6 /* AppDelegate.swift */; };
		2064BFBA29282E450000AFF6 /* Assets.xcassets in Resources */ = {isa = PBXBuildFile; fileRef = 2064BFB929282E450000AFF6 /* Assets.xcassets */; };
		2064BFBD29282E450000AFF6 /* LaunchScreen.storyboard in Resources */ = {isa = PBXBuildFile; fileRef = 2064BFBB29282E450000AFF6 /* LaunchScreen.storyboard */; };
		2064BFC829282F3D0000AFF6 /* BaseViewController.swift in Sources */ = {isa = PBXBuildFile; fileRef = 2064BFC729282F3D0000AFF6 /* BaseViewController.swift */; };
		2064BFCB29282F9A0000AFF6 /* BaseNavigationController.swift in Sources */ = {isa = PBXBuildFile; fileRef = 2064BFCA29282F9A0000AFF6 /* BaseNavigationController.swift */; };
		2064BFCE29282FDA0000AFF6 /* PhotosViewController.swift in Sources */ = {isa = PBXBuildFile; fileRef = 2064BFCD29282FDA0000AFF6 /* PhotosViewController.swift */; };
		2064BFD0292830300000AFF6 /* DetailsViewController.swift in Sources */ = {isa = PBXBuildFile; fileRef = 2064BFCF292830300000AFF6 /* DetailsViewController.swift */; };
		2064BFD22928304F0000AFF6 /* BaseTableViewController.swift in Sources */ = {isa = PBXBuildFile; fileRef = 2064BFD12928304F0000AFF6 /* BaseTableViewController.swift */; };
		2064BFD52928315D0000AFF6 /* UITableView.swift in Sources */ = {isa = PBXBuildFile; fileRef = 2064BFD42928315D0000AFF6 /* UITableView.swift */; };
		2064BFD72928317C0000AFF6 /* UITableViewCell.swift in Sources */ = {isa = PBXBuildFile; fileRef = 2064BFD62928317C0000AFF6 /* UITableViewCell.swift */; };
		2064BFDA292832A70000AFF6 /* Store.swift in Sources */ = {isa = PBXBuildFile; fileRef = 2064BFD9292832A70000AFF6 /* Store.swift */; };
		2064BFDD292832FC0000AFF6 /* PhotoItem.swift in Sources */ = {isa = PBXBuildFile; fileRef = 2064BFDC292832FC0000AFF6 /* PhotoItem.swift */; };
		2064BFE0292834A20000AFF6 /* PhotoCell.swift in Sources */ = {isa = PBXBuildFile; fileRef = 2064BFDF292834A20000AFF6 /* PhotoCell.swift */; };
		2064BFE2292835B70000AFF6 /* UIImageView.swift in Sources */ = {isa = PBXBuildFile; fileRef = 2064BFE1292835B70000AFF6 /* UIImageView.swift */; };
		2064BFE5292838D50000AFF6 /* API.swift in Sources */ = {isa = PBXBuildFile; fileRef = 2064BFE4292838D50000AFF6 /* API.swift */; };
		2064BFE729283B140000AFF6 /* String.swift in Sources */ = {isa = PBXBuildFile; fileRef = 2064BFE629283B140000AFF6 /* String.swift */; };
		2064BFEA292840D40000AFF6 /* SnapKit in Frameworks */ = {isa = PBXBuildFile; productRef = 2064BFE9292840D40000AFF6 /* SnapKit */; };
/* End PBXBuildFile section */

/* Begin PBXFileReference section */
		2064BFAD29282E420000AFF6 /* gallery.app */ = {isa = PBXFileReference; explicitFileType = wrapper.application; includeInIndex = 0; path = gallery.app; sourceTree = BUILT_PRODUCTS_DIR; };
		2064BFB029282E420000AFF6 /* AppDelegate.swift */ = {isa = PBXFileReference; lastKnownFileType = sourcecode.swift; path = AppDelegate.swift; sourceTree = "<group>"; };
		2064BFB929282E450000AFF6 /* Assets.xcassets */ = {isa = PBXFileReference; lastKnownFileType = folder.assetcatalog; path = Assets.xcassets; sourceTree = "<group>"; };
		2064BFBC29282E450000AFF6 /* Base */ = {isa = PBXFileReference; lastKnownFileType = file.storyboard; name = Base; path = Base.lproj/LaunchScreen.storyboard; sourceTree = "<group>"; };
		2064BFBE29282E450000AFF6 /* Info.plist */ = {isa = PBXFileReference; lastKnownFileType = text.plist.xml; path = Info.plist; sourceTree = "<group>"; };
		2064BFC729282F3D0000AFF6 /* BaseViewController.swift */ = {isa = PBXFileReference; lastKnownFileType = sourcecode.swift; path = BaseViewController.swift; sourceTree = "<group>"; };
		2064BFCA29282F9A0000AFF6 /* BaseNavigationController.swift */ = {isa = PBXFileReference; lastKnownFileType = sourcecode.swift; path = BaseNavigationController.swift; sourceTree = "<group>"; };
		2064BFCD29282FDA0000AFF6 /* PhotosViewController.swift */ = {isa = PBXFileReference; lastKnownFileType = sourcecode.swift; path = PhotosViewController.swift; sourceTree = "<group>"; };
		2064BFCF292830300000AFF6 /* DetailsViewController.swift */ = {isa = PBXFileReference; lastKnownFileType = sourcecode.swift; path = DetailsViewController.swift; sourceTree = "<group>"; };
		2064BFD12928304F0000AFF6 /* BaseTableViewController.swift */ = {isa = PBXFileReference; lastKnownFileType = sourcecode.swift; path = BaseTableViewController.swift; sourceTree = "<group>"; };
		2064BFD42928315D0000AFF6 /* UITableView.swift */ = {isa = PBXFileReference; lastKnownFileType = sourcecode.swift; path = UITableView.swift; sourceTree = "<group>"; };
		2064BFD62928317C0000AFF6 /* UITableViewCell.swift */ = {isa = PBXFileReference; lastKnownFileType = sourcecode.swift; path = UITableViewCell.swift; sourceTree = "<group>"; };
		2064BFD9292832A70000AFF6 /* Store.swift */ = {isa = PBXFileReference; lastKnownFileType = sourcecode.swift; path = Store.swift; sourceTree = "<group>"; };
		2064BFDC292832FC0000AFF6 /* PhotoItem.swift */ = {isa = PBXFileReference; lastKnownFileType = sourcecode.swift; path = PhotoItem.swift; sourceTree = "<group>"; };
		2064BFDF292834A20000AFF6 /* PhotoCell.swift */ = {isa = PBXFileReference; lastKnownFileType = sourcecode.swift; path = PhotoCell.swift; sourceTree = "<group>"; };
		2064BFE1292835B70000AFF6 /* UIImageView.swift */ = {isa = PBXFileReference; lastKnownFileType = sourcecode.swift; path = UIImageView.swift; sourceTree = "<group>"; };
		2064BFE4292838D50000AFF6 /* API.swift */ = {isa = PBXFileReference; lastKnownFileType = sourcecode.swift; path = API.swift; sourceTree = "<group>"; };
		2064BFE629283B140000AFF6 /* String.swift */ = {isa = PBXFileReference; lastKnownFileType = sourcecode.swift; path = String.swift; sourceTree = "<group>"; };
/* End PBXFileReference section */

/* Begin PBXFrameworksBuildPhase section */
		2064BFAA29282E420000AFF6 /* Frameworks */ = {
			isa = PBXFrameworksBuildPhase;
			buildActionMask = 2147483647;
			files = (
				2064BFEA292840D40000AFF6 /* SnapKit in Frameworks */,
			);
			runOnlyForDeploymentPostprocessing = 0;
		};
/* End PBXFrameworksBuildPhase section */

/* Begin PBXGroup section */
		2064BFA429282E420000AFF6 = {
			isa = PBXGroup;
			children = (
				2064BFAF29282E420000AFF6 /* gallery */,
				2064BFAE29282E420000AFF6 /* Products */,
			);
			sourceTree = "<group>";
		};
		2064BFAE29282E420000AFF6 /* Products */ = {
			isa = PBXGroup;
			children = (
				2064BFAD29282E420000AFF6 /* gallery.app */,
			);
			name = Products;
			sourceTree = "<group>";
		};
		2064BFAF29282E420000AFF6 /* gallery */ = {
			isa = PBXGroup;
			children = (
				2064BFE3292838C10000AFF6 /* API */,
				2064BFDB292832E60000AFF6 /* Models */,
				2064BFC429282EA10000AFF6 /* App */,
				2064BFC529282EA80000AFF6 /* Screens */,
				2064BFD3292831230000AFF6 /* Extensions */,
				2064BFD8292832190000AFF6 /* Resources */,
			);
			path = gallery;
			sourceTree = "<group>";
		};
		2064BFC429282EA10000AFF6 /* App */ = {
			isa = PBXGroup;
			children = (
				2064BFB029282E420000AFF6 /* AppDelegate.swift */,
				2064BFD9292832A70000AFF6 /* Store.swift */,
			);
			path = App;
			sourceTree = "<group>";
		};
		2064BFC529282EA80000AFF6 /* Screens */ = {
			isa = PBXGroup;
			children = (
				2064BFCC29282FC00000AFF6 /* Details */,
				2064BFC929282F560000AFF6 /* Photos */,
				2064BFC629282F250000AFF6 /* Base */,
			);
			path = Screens;
			sourceTree = "<group>";
		};
		2064BFC629282F250000AFF6 /* Base */ = {
			isa = PBXGroup;
			children = (
				2064BFC729282F3D0000AFF6 /* BaseViewController.swift */,
				2064BFD12928304F0000AFF6 /* BaseTableViewController.swift */,
				2064BFCA29282F9A0000AFF6 /* BaseNavigationController.swift */,
			);
			path = Base;
			sourceTree = "<group>";
		};
		2064BFC929282F560000AFF6 /* Photos */ = {
			isa = PBXGroup;
			children = (
				2064BFDE292834830000AFF6 /* SubViews */,
				2064BFCD29282FDA0000AFF6 /* PhotosViewController.swift */,
			);
			path = Photos;
			sourceTree = "<group>";
		};
		2064BFCC29282FC00000AFF6 /* Details */ = {
			isa = PBXGroup;
			children = (
				2064BFCF292830300000AFF6 /* DetailsViewController.swift */,
			);
			path = Details;
			sourceTree = "<group>";
		};
		2064BFD3292831230000AFF6 /* Extensions */ = {
			isa = PBXGroup;
			children = (
				2064BFD42928315D0000AFF6 /* UITableView.swift */,
				2064BFD62928317C0000AFF6 /* UITableViewCell.swift */,
				2064BFE1292835B70000AFF6 /* UIImageView.swift */,
				2064BFE629283B140000AFF6 /* String.swift */,
			);
			path = Extensions;
			sourceTree = "<group>";
		};
		2064BFD8292832190000AFF6 /* Resources */ = {
			isa = PBXGroup;
			children = (
				2064BFB929282E450000AFF6 /* Assets.xcassets */,
				2064BFBB29282E450000AFF6 /* LaunchScreen.storyboard */,
				2064BFBE29282E450000AFF6 /* Info.plist */,
			);
			name = Resources;
			sourceTree = "<group>";
		};
		2064BFDB292832E60000AFF6 /* Models */ = {
			isa = PBXGroup;
			children = (
				2064BFDC292832FC0000AFF6 /* PhotoItem.swift */,
			);
			path = Models;
			sourceTree = "<group>";
		};
		2064BFDE292834830000AFF6 /* SubViews */ = {
			isa = PBXGroup;
			children = (
				2064BFDF292834A20000AFF6 /* PhotoCell.swift */,
			);
			path = SubViews;
			sourceTree = "<group>";
		};
		2064BFE3292838C10000AFF6 /* API */ = {
			isa = PBXGroup;
			children = (
				2064BFE4292838D50000AFF6 /* API.swift */,
			);
			path = API;
			sourceTree = "<group>";
		};
/* End PBXGroup section */

/* Begin PBXNativeTarget section */
		2064BFAC29282E420000AFF6 /* gallery */ = {
			isa = PBXNativeTarget;
			buildConfigurationList = 2064BFC129282E450000AFF6 /* Build configuration list for PBXNativeTarget "gallery" */;
			buildPhases = (
				2064BFA929282E420000AFF6 /* Sources */,
				2064BFAA29282E420000AFF6 /* Frameworks */,
				2064BFAB29282E420000AFF6 /* Resources */,
			);
			buildRules = (
			);
			dependencies = (
			);
			name = gallery;
			packageProductDependencies = (
				2064BFE9292840D40000AFF6 /* SnapKit */,
			);
			productName = gallery;
			productReference = 2064BFAD29282E420000AFF6 /* gallery.app */;
			productType = "com.apple.product-type.application";
		};
/* End PBXNativeTarget section */

/* Begin PBXProject section */
		2064BFA529282E420000AFF6 /* Project object */ = {
			isa = PBXProject;
			attributes = {
				BuildIndependentTargetsInParallel = 1;
				LastSwiftUpdateCheck = 1410;
				LastUpgradeCheck = 1410;
				TargetAttributes = {
					2064BFAC29282E420000AFF6 = {
						CreatedOnToolsVersion = 14.1;
					};
				};
			};
			buildConfigurationList = 2064BFA829282E420000AFF6 /* Build configuration list for PBXProject "gallery" */;
			compatibilityVersion = "Xcode 14.0";
			developmentRegion = en;
			hasScannedForEncodings = 0;
			knownRegions = (
				en,
				Base,
			);
			mainGroup = 2064BFA429282E420000AFF6;
			packageReferences = (
				2064BFE8292840D40000AFF6 /* XCRemoteSwiftPackageReference "SnapKit" */,
			);
			productRefGroup = 2064BFAE29282E420000AFF6 /* Products */;
			projectDirPath = "";
			projectRoot = "";
			targets = (
				2064BFAC29282E420000AFF6 /* gallery */,
			);
		};
/* End PBXProject section */

/* Begin PBXResourcesBuildPhase section */
		2064BFAB29282E420000AFF6 /* Resources */ = {
			isa = PBXResourcesBuildPhase;
			buildActionMask = 2147483647;
			files = (
				2064BFBD29282E450000AFF6 /* LaunchScreen.storyboard in Resources */,
				2064BFBA29282E450000AFF6 /* Assets.xcassets in Resources */,
			);
			runOnlyForDeploymentPostprocessing = 0;
		};
/* End PBXResourcesBuildPhase section */

/* Begin PBXSourcesBuildPhase section */
		2064BFA929282E420000AFF6 /* Sources */ = {
			isa = PBXSourcesBuildPhase;
			buildActionMask = 2147483647;
			files = (
				2064BFD22928304F0000AFF6 /* BaseTableViewController.swift in Sources */,
				2064BFDD292832FC0000AFF6 /* PhotoItem.swift in Sources */,
				2064BFD72928317C0000AFF6 /* UITableViewCell.swift in Sources */,
				2064BFB129282E420000AFF6 /* AppDelegate.swift in Sources */,
				2064BFE729283B140000AFF6 /* String.swift in Sources */,
				2064BFE2292835B70000AFF6 /* UIImageView.swift in Sources */,
				2064BFDA292832A70000AFF6 /* Store.swift in Sources */,
				2064BFCE29282FDA0000AFF6 /* PhotosViewController.swift in Sources */,
				2064BFC829282F3D0000AFF6 /* BaseViewController.swift in Sources */,
				2064BFE5292838D50000AFF6 /* API.swift in Sources */,
				2064BFCB29282F9A0000AFF6 /* BaseNavigationController.swift in Sources */,
				2064BFD0292830300000AFF6 /* DetailsViewController.swift in Sources */,
				2064BFE0292834A20000AFF6 /* PhotoCell.swift in Sources */,
				2064BFD52928315D0000AFF6 /* UITableView.swift in Sources */,
			);
			runOnlyForDeploymentPostprocessing = 0;
		};
/* End PBXSourcesBuildPhase section */

/* Begin PBXVariantGroup section */
		2064BFBB29282E450000AFF6 /* LaunchScreen.storyboard */ = {
			isa = PBXVariantGroup;
			children = (
				2064BFBC29282E450000AFF6 /* Base */,
			);
			name = LaunchScreen.storyboard;
			sourceTree = "<group>";
		};
/* End PBXVariantGroup section */

/* Begin XCBuildConfiguration section */
		2064BFBF29282E450000AFF6 /* Debug */ = {
			isa = XCBuildConfiguration;
			buildSettings = {
				ALWAYS_SEARCH_USER_PATHS = NO;
				CLANG_ANALYZER_NONNULL = YES;
				CLANG_ANALYZER_NUMBER_OBJECT_CONVERSION = YES_AGGRESSIVE;
				CLANG_CXX_LANGUAGE_STANDARD = "gnu++20";
				CLANG_ENABLE_MODULES = YES;
				CLANG_ENABLE_OBJC_ARC = YES;
				CLANG_ENABLE_OBJC_WEAK = YES;
				CLANG_WARN_BLOCK_CAPTURE_AUTORELEASING = YES;
				CLANG_WARN_BOOL_CONVERSION = YES;
				CLANG_WARN_COMMA = YES;
				CLANG_WARN_CONSTANT_CONVERSION = YES;
				CLANG_WARN_DEPRECATED_OBJC_IMPLEMENTATIONS = YES;
				CLANG_WARN_DIRECT_OBJC_ISA_USAGE = YES_ERROR;
				CLANG_WARN_DOCUMENTATION_COMMENTS = YES;
				CLANG_WARN_EMPTY_BODY = YES;
				CLANG_WARN_ENUM_CONVERSION = YES;
				CLANG_WARN_INFINITE_RECURSION = YES;
				CLANG_WARN_INT_CONVERSION = YES;
				CLANG_WARN_NON_LITERAL_NULL_CONVERSION = YES;
				CLANG_WARN_OBJC_IMPLICIT_RETAIN_SELF = YES;
				CLANG_WARN_OBJC_LITERAL_CONVERSION = YES;
				CLANG_WARN_OBJC_ROOT_CLASS = YES_ERROR;
				CLANG_WARN_QUOTED_INCLUDE_IN_FRAMEWORK_HEADER = YES;
				CLANG_WARN_RANGE_LOOP_ANALYSIS = YES;
				CLANG_WARN_STRICT_PROTOTYPES = YES;
				CLANG_WARN_SUSPICIOUS_MOVE = YES;
				CLANG_WARN_UNGUARDED_AVAILABILITY = YES_AGGRESSIVE;
				CLANG_WARN_UNREACHABLE_CODE = YES;
				CLANG_WARN__DUPLICATE_METHOD_MATCH = YES;
				COPY_PHASE_STRIP = NO;
				DEBUG_INFORMATION_FORMAT = dwarf;
				ENABLE_STRICT_OBJC_MSGSEND = YES;
				ENABLE_TESTABILITY = YES;
				GCC_C_LANGUAGE_STANDARD = gnu11;
				GCC_DYNAMIC_NO_PIC = NO;
				GCC_NO_COMMON_BLOCKS = YES;
				GCC_OPTIMIZATION_LEVEL = 0;
				GCC_PREPROCESSOR_DEFINITIONS = (
					"DEBUG=1",
					"$(inherited)",
				);
				GCC_WARN_64_TO_32_BIT_CONVERSION = YES;
				GCC_WARN_ABOUT_RETURN_TYPE = YES_ERROR;
				GCC_WARN_UNDECLARED_SELECTOR = YES;
				GCC_WARN_UNINITIALIZED_AUTOS = YES_AGGRESSIVE;
				GCC_WARN_UNUSED_FUNCTION = YES;
				GCC_WARN_UNUSED_VARIABLE = YES;
				IPHONEOS_DEPLOYMENT_TARGET = 13.0;
				MTL_ENABLE_DEBUG_INFO = INCLUDE_SOURCE;
				MTL_FAST_MATH = YES;
				ONLY_ACTIVE_ARCH = YES;
				SDKROOT = iphoneos;
				SWIFT_ACTIVE_COMPILATION_CONDITIONS = DEBUG;
				SWIFT_OPTIMIZATION_LEVEL = "-Onone";
			};
			name = Debug;
		};
		2064BFC029282E450000AFF6 /* Release */ = {
			isa = XCBuildConfiguration;
			buildSettings = {
				ALWAYS_SEARCH_USER_PATHS = NO;
				CLANG_ANALYZER_NONNULL = YES;
				CLANG_ANALYZER_NUMBER_OBJECT_CONVERSION = YES_AGGRESSIVE;
				CLANG_CXX_LANGUAGE_STANDARD = "gnu++20";
				CLANG_ENABLE_MODULES = YES;
				CLANG_ENABLE_OBJC_ARC = YES;
				CLANG_ENABLE_OBJC_WEAK = YES;
				CLANG_WARN_BLOCK_CAPTURE_AUTORELEASING = YES;
				CLANG_WARN_BOOL_CONVERSION = YES;
				CLANG_WARN_COMMA = YES;
				CLANG_WARN_CONSTANT_CONVERSION = YES;
				CLANG_WARN_DEPRECATED_OBJC_IMPLEMENTATIONS = YES;
				CLANG_WARN_DIRECT_OBJC_ISA_USAGE = YES_ERROR;
				CLANG_WARN_DOCUMENTATION_COMMENTS = YES;
				CLANG_WARN_EMPTY_BODY = YES;
				CLANG_WARN_ENUM_CONVERSION = YES;
				CLANG_WARN_INFINITE_RECURSION = YES;
				CLANG_WARN_INT_CONVERSION = YES;
				CLANG_WARN_NON_LITERAL_NULL_CONVERSION = YES;
				CLANG_WARN_OBJC_IMPLICIT_RETAIN_SELF = YES;
				CLANG_WARN_OBJC_LITERAL_CONVERSION = YES;
				CLANG_WARN_OBJC_ROOT_CLASS = YES_ERROR;
				CLANG_WARN_QUOTED_INCLUDE_IN_FRAMEWORK_HEADER = YES;
				CLANG_WARN_RANGE_LOOP_ANALYSIS = YES;
				CLANG_WARN_STRICT_PROTOTYPES = YES;
				CLANG_WARN_SUSPICIOUS_MOVE = YES;
				CLANG_WARN_UNGUARDED_AVAILABILITY = YES_AGGRESSIVE;
				CLANG_WARN_UNREACHABLE_CODE = YES;
				CLANG_WARN__DUPLICATE_METHOD_MATCH = YES;
				COPY_PHASE_STRIP = NO;
				DEBUG_INFORMATION_FORMAT = "dwarf-with-dsym";
				ENABLE_NS_ASSERTIONS = NO;
				ENABLE_STRICT_OBJC_MSGSEND = YES;
				GCC_C_LANGUAGE_STANDARD = gnu11;
				GCC_NO_COMMON_BLOCKS = YES;
				GCC_WARN_64_TO_32_BIT_CONVERSION = YES;
				GCC_WARN_ABOUT_RETURN_TYPE = YES_ERROR;
				GCC_WARN_UNDECLARED_SELECTOR = YES;
				GCC_WARN_UNINITIALIZED_AUTOS = YES_AGGRESSIVE;
				GCC_WARN_UNUSED_FUNCTION = YES;
				GCC_WARN_UNUSED_VARIABLE = YES;
				IPHONEOS_DEPLOYMENT_TARGET = 13.0;
				MTL_ENABLE_DEBUG_INFO = NO;
				MTL_FAST_MATH = YES;
				SDKROOT = iphoneos;
				SWIFT_COMPILATION_MODE = wholemodule;
				SWIFT_OPTIMIZATION_LEVEL = "-O";
				VALIDATE_PRODUCT = YES;
			};
			name = Release;
		};
		2064BFC229282E450000AFF6 /* Debug */ = {
			isa = XCBuildConfiguration;
			buildSettings = {
				ASSETCATALOG_COMPILER_APPICON_NAME = AppIcon;
				ASSETCATALOG_COMPILER_GLOBAL_ACCENT_COLOR_NAME = AccentColor;
				CODE_SIGN_STYLE = Automatic;
				CURRENT_PROJECT_VERSION = 1;
				DEVELOPMENT_TEAM = 8RAQ8S5H7N;
				GENERATE_INFOPLIST_FILE = YES;
				INFOPLIST_FILE = gallery/Info.plist;
				INFOPLIST_KEY_UIApplicationSupportsIndirectInputEvents = YES;
				INFOPLIST_KEY_UILaunchStoryboardName = LaunchScreen;
				INFOPLIST_KEY_UISupportedInterfaceOrientations_iPad = "UIInterfaceOrientationPortrait UIInterfaceOrientationPortraitUpsideDown UIInterfaceOrientationLandscapeLeft UIInterfaceOrientationLandscapeRight";
				INFOPLIST_KEY_UISupportedInterfaceOrientations_iPhone = "UIInterfaceOrientationPortrait UIInterfaceOrientationLandscapeLeft UIInterfaceOrientationLandscapeRight";
				LD_RUNPATH_SEARCH_PATHS = (
					"$(inherited)",
					"@executable_path/Frameworks",
				);
				MARKETING_VERSION = 1.0;
				PRODUCT_BUNDLE_IDENTIFIER = com.allwhitetown.gallery;
				PRODUCT_NAME = "$(TARGET_NAME)";
				SWIFT_EMIT_LOC_STRINGS = YES;
				SWIFT_VERSION = 5.0;
				TARGETED_DEVICE_FAMILY = "1,2";
			};
			name = Debug;
		};
		2064BFC329282E450000AFF6 /* Release */ = {
			isa = XCBuildConfiguration;
			buildSettings = {
				ASSETCATALOG_COMPILER_APPICON_NAME = AppIcon;
				ASSETCATALOG_COMPILER_GLOBAL_ACCENT_COLOR_NAME = AccentColor;
				CODE_SIGN_STYLE = Automatic;
				CURRENT_PROJECT_VERSION = 1;
				DEVELOPMENT_TEAM = 8RAQ8S5H7N;
				GENERATE_INFOPLIST_FILE = YES;
				INFOPLIST_FILE = gallery/Info.plist;
				INFOPLIST_KEY_UIApplicationSupportsIndirectInputEvents = YES;
				INFOPLIST_KEY_UILaunchStoryboardName = LaunchScreen;
				INFOPLIST_KEY_UISupportedInterfaceOrientations_iPad = "UIInterfaceOrientationPortrait UIInterfaceOrientationPortraitUpsideDown UIInterfaceOrientationLandscapeLeft UIInterfaceOrientationLandscapeRight";
				INFOPLIST_KEY_UISupportedInterfaceOrientations_iPhone = "UIInterfaceOrientationPortrait UIInterfaceOrientationLandscapeLeft UIInterfaceOrientationLandscapeRight";
				LD_RUNPATH_SEARCH_PATHS = (
					"$(inherited)",
					"@executable_path/Frameworks",
				);
				MARKETING_VERSION = 1.0;
				PRODUCT_BUNDLE_IDENTIFIER = com.allwhitetown.gallery;
				PRODUCT_NAME = "$(TARGET_NAME)";
				SWIFT_EMIT_LOC_STRINGS = YES;
				SWIFT_VERSION = 5.0;
				TARGETED_DEVICE_FAMILY = "1,2";
			};
			name = Release;
		};
/* End XCBuildConfiguration section */

/* Begin XCConfigurationList section */
		2064BFA829282E420000AFF6 /* Build configuration list for PBXProject "gallery" */ = {
			isa = XCConfigurationList;
			buildConfigurations = (
				2064BFBF29282E450000AFF6 /* Debug */,
				2064BFC029282E450000AFF6 /* Release */,
			);
			defaultConfigurationIsVisible = 0;
			defaultConfigurationName = Release;
		};
		2064BFC129282E450000AFF6 /* Build configuration list for PBXNativeTarget "gallery" */ = {
			isa = XCConfigurationList;
			buildConfigurations = (
				2064BFC229282E450000AFF6 /* Debug */,
				2064BFC329282E450000AFF6 /* Release */,
			);
			defaultConfigurationIsVisible = 0;
			defaultConfigurationName = Release;
		};
/* End XCConfigurationList section */

/* Begin XCRemoteSwiftPackageReference section */
		2064BFE8292840D40000AFF6 /* XCRemoteSwiftPackageReference "SnapKit" */ = {
			isa = XCRemoteSwiftPackageReference;
			repositoryURL = "https://github.com/SnapKit/SnapKit.git";
			requirement = {
				branch = develop;
				kind = branch;
			};
		};
/* End XCRemoteSwiftPackageReference section */

/* Begin XCSwiftPackageProductDependency section */
		2064BFE9292840D40000AFF6 /* SnapKit */ = {
			isa = XCSwiftPackageProductDependency;
			package = 2064BFE8292840D40000AFF6 /* XCRemoteSwiftPackageReference "SnapKit" */;
			productName = SnapKit;
		};
/* End XCSwiftPackageProductDependency section */
	};
	rootObject = 2064BFA529282E420000AFF6 /* Project object */;
}
